{
  "version": 3,
  "targets": {
    "net8.0-windows7.0": {
      "Microsoft.Win32.SystemEvents/10.0.9": {
        "type": "package",
        "compile": {
          "lib/net8.0/Microsoft.Win32.SystemEvents.dll": {
            "related": ".xml"
          }
        },
        "runtime": {
          "lib/net8.0/Microsoft.Win32.SystemEvents.dll": {
            "related": ".xml"
          }
        },
        "build": {
          "buildTransitive/net8.0/_._": {}
        },
        "runtimeTargets": {
          "runtimes/win/lib/net8.0/Microsoft.Win32.SystemEvents.dll": {
            "assetType": "runtime",
            "rid": "win"
          }
        }
      },
      "OpenCvSharp4/4.13.0.20260627": {
        "type": "package",
        "dependencies": {
          "System.Memory": "4.6.3"
        },
        "compile": {
          "lib/net8.0/OpenCvSharp.dll": {
            "related": ".xml"
          }
        },
        "runtime": {
          "lib/net8.0/OpenCvSharp.dll": {
            "related": ".xml"
          }
        }
      },
      "OpenCvSharp4.Extensions/4.13.0.20260627": {
        "type": "package",
        "dependencies": {
          "OpenCvSharp4": "4.13.0.20260627",
          "System.Drawing.Common": "10.0.9"
        },
        "compile": {
          "lib/net8.0/OpenCvSharp.Extensions.dll": {
            "related": ".xml"
          }
        },
        "runtime": {
          "lib/net8.0/OpenCvSharp.Extensions.dll": {
            "related": ".xml"
          }
        }
      },
      "OpenCvSharp4.runtime.win/4.13.0.20260627": {
        "type": "package",
        "build": {
          "build/net8.0/OpenCvSharp4.runtime.win.props": {},
          "build/net8.0/OpenCvSharp4.runtime.win.targets": {}
        },
        "runtimeTargets": {
          "runtimes/win-x64/native/OpenCvSharpExtern.dll": {
            "assetType": "native",
            "rid": "win-x64"
          },
          "runtimes/win-x64/native/opencv_videoio_ffmpeg4130_64.dll": {
            "assetType": "native",
            "rid": "win-x64"
          }
        }
      },
      "System.Drawing.Common/10.0.9": {
        "type": "package",
        "dependencies": {
          "Microsoft.Win32.SystemEvents": "10.0.9"
        },
        "compile": {
          "lib/net8.0/System.Drawing.Common.dll": {
            "related": ".pdb;.xml"
          },
          "lib/net8.0/System.Private.Windows.Core.dll": {
            "related": ".xml"
          },
          "lib/net8.0/System.Private.Windows.GdiPlus.dll": {
            "related": ".xml"
          }
        },
        "runtime": {
          "lib/net8.0/System.Drawing.Common.dll": {
            "related": ".pdb;.xml"
          },
          "lib/net8.0/System.Private.Windows.Core.dll": {
            "related": ".xml"
          },
          "lib/net8.0/System.Private.Windows.GdiPlus.dll": {
            "related": ".xml"
          }
        },
        "build": {
          "buildTransitive/net8.0/_._": {}
        }
      },
      "System.Memory/4.6.3": {
        "type": "package",
        "compile": {
          "lib/netcoreapp2.1/_._": {}
        },
        "runtime": {
          "lib/netcoreapp2.1/_._": {}
        }
      }
    }
  },
  "libraries": {
    "Microsoft.Win32.SystemEvents/10.0.9": {
      "sha512": "dk5HKolAR9bBxlL4dl6Koaf0s/Q47QApog+/o341LSuvWGW6ig4q5fTsgYG0MrK//l2Slv6mygncMK/8lgXVDg==",
      "type": "package",
      "path": "microsoft.win32.systemevents/10.0.9",
      "files": [
        ".nupkg.metadata",
        ".signature.p7s",
        "Icon.png",
        "PACKAGE.md",
        "THIRD-PARTY-NOTICES.TXT",
        "buildTransitive/net461/Microsoft.Win32.SystemEvents.targets",
        "buildTransitive/net462/_._",
        "buildTransitive/net8.0/_._",
        "buildTransitive/netcoreapp2.0/Microsoft.Win32.SystemEvents.targets",
        "lib/net10.0/Microsoft.Win32.SystemEvents.dll",
        "lib/net10.0/Microsoft.Win32.SystemEvents.xml",
        "lib/net462/Microsoft.Win32.SystemEvents.dll",
        "lib/net462/Microsoft.Win32.SystemEvents.xml",
        "lib/net8.0/Microsoft.Win32.SystemEvents.dll",
        "lib/net8.0/Microsoft.Win32.SystemEvents.xml",
        "lib/net9.0/Microsoft.Win32.SystemEvents.dll",
        "lib/net9.0/Microsoft.Win32.SystemEvents.xml",
        "lib/netstandard2.0/Microsoft.Win32.SystemEvents.dll",
        "lib/netstandard2.0/Microsoft.Win32.SystemEvents.xml",
        "microsoft.win32.systemevents.10.0.9.nupkg.sha512",
        "microsoft.win32.systemevents.nuspec",
        "runtimes/win/lib/net10.0/Microsoft.Win32.SystemEvents.dll",
        "runtimes/win/lib/net10.0/Microsoft.Win32.SystemEvents.xml",
        "runtimes/win/lib/net8.0/Microsoft.Win32.SystemEvents.dll",
        "runtimes/win/lib/net8.0/Microsoft.Win32.SystemEvents.xml",
        "runtimes/win/lib/net9.0/Microsoft.Win32.SystemEvents.dll",
        "runtimes/win/lib/net9.0/Microsoft.Win32.SystemEvents.xml",
        "useSharedDesignerContext.txt"
      ]
    },
    "OpenCvSharp4/4.13.0.20260627": {
      "sha512": "nYk95jkyYY9f0sF5KqZ3OB1SWkmqsfV7eN0ROiQds/rxpSn0v1G0QIedMbwuqbdPhvQnOIG2DDmpkLnHEJMh8Q==",
      "type": "package",
      "path": "opencvsharp4/4.13.0.20260627",
      "files": [
        ".nupkg.metadata",
        ".signature.p7s",
        "README.managed.md",
        "analyzers/dotnet/cs/OpenCvSharp.Analyzers.dll",
        "lib/net8.0/OpenCvSharp.dll",
        "lib/net8.0/OpenCvSharp.xml",
        "lib/netstandard2.0/OpenCvSharp.dll",
        "lib/netstandard2.0/OpenCvSharp.xml",
        "lib/netstandard2.1/OpenCvSharp.dll",
        "lib/netstandard2.1/OpenCvSharp.xml",
        "opencvsharp.png",
        "opencvsharp4.4.13.0.20260627.nupkg.sha512",
        "opencvsharp4.nuspec"
      ]
    },
    "OpenCvSharp4.Extensions/4.13.0.20260627": {
      "sha512": "X3dZv/bewNFAGneNYZHMMDEkf6M0HKQBrXIkQYs8nrKrWqJhOSZnyn4bW76CrzCVIDIjAKD27AaaKuQYmzkPOA==",
      "type": "package",
      "path": "opencvsharp4.extensions/4.13.0.20260627",
      "files": [
        ".nupkg.metadata",
        ".signature.p7s",
        "README.managed.md",
        "lib/net8.0/OpenCvSharp.Extensions.dll",
        "lib/net8.0/OpenCvSharp.Extensions.xml",
        "lib/netstandard2.0/OpenCvSharp.Extensions.dll",
        "lib/netstandard2.0/OpenCvSharp.Extensions.xml",
        "lib/netstandard2.1/OpenCvSharp.Extensions.dll",
        "lib/netstandard2.1/OpenCvSharp.Extensions.xml",
        "opencvsharp.png",
        "opencvsharp4.extensions.4.13.0.20260627.nupkg.sha512",
        "opencvsharp4.extensions.nuspec"
      ]
    },
    "OpenCvSharp4.runtime.win/4.13.0.20260627": {
      "sha512": "POIxR+CTpwHJIdam6wd8U2fprWv5QnIUw50jw79WEGb37He3T1h11SdtwSj9p2PLSfrzonMjO2t71wqi5uFsoQ==",
      "type": "package",
      "path": "opencvsharp4.runtime.win/4.13.0.20260627",
      "files": [
        ".nupkg.metadata",
        ".signature.p7s",
        "README.runtime.md",
        "build/net8.0/OpenCvSharp4.runtime.win.props",
        "build/net8.0/OpenCvSharp4.runtime.win.targets",
        "build/netcoreapp/OpenCvSharp4.runtime.win.props",
        "build/netcoreapp/OpenCvSharp4.runtime.win.targets",
        "build/netstandard/OpenCvSharp4.runtime.win.props",
        "build/netstandard/OpenCvSharp4.runtime.win.targets",
        "opencvsharp.png",
        "opencvsharp4.runtime.win.4.13.0.20260627.nupkg.sha512",
        "opencvsharp4.runtime.win.nuspec",
        "runtimes/win-x64/native/OpenCvSharpExtern.dll",
        "runtimes/win-x64/native/opencv_videoio_ffmpeg4130_64.dll"
      ]
    },
    "System.Drawing.Common/10.0.9": {
      "sha512": "ShkEj8jOhklJgrN3SoaVbCcopvqyIgVXHso2/eibQBL7IZxzJjND77UYVlViHqpwPxyQeA67IOut4b41clBkQw==",
      "type": "package",
      "path": "system.drawing.common/10.0.9",
      "files": [
        ".nupkg.metadata",
        ".signature.p7s",
        "Icon.png",
        "LICENSE.TXT",
        "PACKAGE.md",
        "THIRD-PARTY-NOTICES.TXT",
        "buildTransitive/net461/System.Drawing.Common.targets",
        "buildTransitive/net462/_._",
        "buildTransitive/net8.0/_._",
        "buildTransitive/netcoreapp2.0/System.Drawing.Common.targets",
        "lib/MonoAndroid10/_._",
        "lib/MonoTouch10/_._",
        "lib/net10.0/System.Drawing.Common.dll",
        "lib/net10.0/System.Drawing.Common.pdb",
        "lib/net10.0/System.Drawing.Common.xml",
        "lib/net10.0/System.Private.Windows.Core.dll",
        "lib/net10.0/System.Private.Windows.Core.xml",
        "lib/net10.0/System.Private.Windows.GdiPlus.dll",
        "lib/net10.0/System.Private.Windows.GdiPlus.xml",
        "lib/net462/System.Drawing.Common.dll",
        "lib/net462/System.Drawing.Common.pdb",
        "lib/net462/System.Drawing.Common.xml",
        "lib/net8.0/System.Drawing.Common.dll",
        "lib/net8.0/System.Drawing.Common.pdb",
        "lib/net8.0/System.Drawing.Common.xml",
        "lib/net8.0/System.Private.Windows.Core.dll",
        "lib/net8.0/System.Private.Windows.Core.xml",
        "lib/net8.0/System.Private.Windows.GdiPlus.dll",
        "lib/net8.0/System.Private.Windows.GdiPlus.xml",
        "lib/net9.0/System.Drawing.Common.dll",
        "lib/net9.0/System.Drawing.Common.pdb",
        "lib/net9.0/System.Drawing.Common.xml",
        "lib/net9.0/System.Private.Windows.Core.dll",
        "lib/net9.0/System.Private.Windows.Core.xml",
        "lib/net9.0/System.Private.Windows.GdiPlus.dll",
        "lib/net9.0/System.Private.Windows.GdiPlus.xml",
        "lib/netstandard2.0/System.Drawing.Common.dll",
        "lib/netstandard2.0/System.Drawing.Common.pdb",
        "lib/netstandard2.0/System.Drawing.Common.xml",
        "lib/xamarinios10/_._",
        "lib/xamarinmac20/_._",
        "lib/xamarintvos10/_._",
        "lib/xamarinwatchos10/_._",
        "system.drawing.common.10.0.9.nupkg.sha512",
        "system.drawing.common.nuspec",
        "useSharedDesignerContext.txt"
      ]
    },
    "System.Memory/4.6.3": {
      "sha512": "qdcDOgnFZY40+Q9876JUHnlHu7bosOHX8XISRoH94fwk6hgaeQGSgfZd8srWRZNt5bV9ZW2TljcegDNxsf+96A==",
      "type": "package",
      "path": "system.memory/4.6.3",
      "files": [
        ".nupkg.metadata",
        ".signature.p7s",
        "Icon.png",
        "PACKAGE.md",
        "buildTransitive/net461/System.Memory.targets",
        "buildTransitive/net462/_._",
        "lib/net462/System.Memory.dll",
        "lib/net462/System.Memory.xml",
        "lib/netcoreapp2.1/_._",
        "lib/netstandard2.0/System.Memory.dll",
        "lib/netstandard2.0/System.Memory.xml",
        "lib/netstandard2.1/_._",
        "system.memory.4.6.3.nupkg.sha512",
        "system.memory.nuspec"
      ]
    }
  },
  "projectFileDependencyGroups": {
    "net8.0-windows7.0": [
      "OpenCvSharp4 >= 4.13.0.20260627",
      "OpenCvSharp4.Extensions >= 4.13.0.20260627",
      "OpenCvSharp4.runtime.win >= 4.13.0.20260627"
    ]
  },
  "packageFolders": {
    "C:\\Users\\admin\\.nuget\\packages\\": {},
    "C:\\Program Files (x86)\\Microsoft Visual Studio\\Shared\\NuGetPackages": {}
  },
  "project": {
    "version": "1.0.0",
    "restore": {
      "projectUniqueName": "D:\\wqz\\code\\GrayMatch\\GrayMatch\\GrayMatch.csproj",
      "projectName": "GrayMatch",
      "projectPath": "D:\\wqz\\code\\GrayMatch\\GrayMatch\\GrayMatch.csproj",
      "packagesPath": "C:\\Users\\admin\\.nuget\\packages\\",
      "outputPath": "D:\\wqz\\code\\GrayMatch\\GrayMatch\\obj\\",
      "projectStyle": "PackageReference",
      "fallbackFolders": [
        "C:\\Program Files (x86)\\Microsoft Visual Studio\\Shared\\NuGetPackages"
      ],
      "configFilePaths": [
        "C:\\Users\\admin\\AppData\\Roaming\\NuGet\\NuGet.Config",
        "C:\\Program Files (x86)\\NuGet\\Config\\Microsoft.VisualStudio.FallbackLocation.config",
        "C:\\Program Files (x86)\\NuGet\\Config\\Microsoft.VisualStudio.Offline.config"
      ],
      "originalTargetFrameworks": [
        "net8.0-windows"
      ],
      "sources": {
        "C:\\Program Files (x86)\\Microsoft SDKs\\NuGetPackages\\": {},
        "C:\\Program Files\\dotnet\\library-packs": {},
        "https://api.nuget.org/v3/index.json": {}
      },
      "frameworks": {
        "net8.0-windows7.0": {
          "targetAlias": "net8.0-windows",
          "projectReferences": {}
        }
      },
      "warningProperties": {
        "warnAsError": [
          "NU1605"
        ]
      },
      "restoreAuditProperties": {
        "enableAudit": "true",
        "auditLevel": "low",
        "auditMode": "direct"
      },
      "SdkAnalysisLevel": "10.0.100"
    },
    "frameworks": {
      "net8.0-windows7.0": {
        "targetAlias": "net8.0-windows",
        "dependencies": {
          "OpenCvSharp4": {
            "target": "Package",
            "version": "[4.13.0.20260627, )"
          },
          "OpenCvSharp4.Extensions": {
            "target": "Package",
            "version": "[4.13.0.20260627, )"
          },
          "OpenCvSharp4.runtime.win": {
            "target": "Package",
            "version": "[4.13.0.20260627, )"
          }
        },
        "imports": [
          "net461",
          "net462",
          "net47",
          "net471",
          "net472",
          "net48",
          "net481"
        ],
        "assetTargetFallback": true,
        "warn": true,
        "downloadDependencies": [
          {
            "name": "Microsoft.AspNetCore.App.Ref",
            "version": "[8.0.23, 8.0.23]"
          },
          {
            "name": "Microsoft.NETCore.App.Host.win-x64",
            "version": "[8.0.23, 8.0.23]"
          },
          {
            "name": "Microsoft.NETCore.App.Ref",
            "version": "[8.0.23, 8.0.23]"
          },
          {
            "name": "Microsoft.WindowsDesktop.App.Ref",
            "version": "[8.0.23, 8.0.23]"
          }
        ],
        "frameworkReferences": {
          "Microsoft.NETCore.App": {
            "privateAssets": "all"
          },
          "Microsoft.WindowsDesktop.App.WindowsForms": {
            "privateAssets": "none"
          }
        },
        "runtimeIdentifierGraphPath": "C:\\Program Files\\dotnet\\sdk\\10.0.102/PortableRuntimeIdentifierGraph.json"
      }
    }
  }
}